
Microsoft Visual Studio Solution File, Format Version 12.00
# Visual Studio 15
VisualStudioVersion = 15.0.28010.2003
MinimumVisualStudioVersion = 10.0.40219.1
Project("{FAE04EC0-301F-11D3-BF4B-00C04F79EFBC}") = "SkillRotationChecker", "SkillRotationChecker\SkillRotationChecker.csproj", "{DC0AD642-CF03-49DA-AB28-EE55254DEBB7}"
EndProject
Global
	GlobalSection(SolutionConfigurationPlatforms) = preSolution
		Debug|Any CPU = Debug|Any CPU
		Release|Any CPU = Release|Any CPU
	EndGlobalSection
	GlobalSection(ProjectConfigurationPlatforms) = postSolution
		{DC0AD642-CF03-49DA-AB28-EE55254DEBB7}.Debug|Any CPU.ActiveCfg = Debug|Any CPU
		{DC0AD642-CF03-49DA-AB28-EE55254DEBB7}.Debug|Any CPU.Build.0 = Debug|Any CPU
		{DC0AD642-CF03-49DA-AB28-EE55254DEBB7}.Release|Any CPU.ActiveCfg = Release|Any CPU
		{DC0AD642-CF03-49DA-AB28-EE55254DEBB7}.Release|Any CPU.Build.0 = Release|Any CPU
	EndGlobalSection
	GlobalSection(SolutionProperties) = preSolution
		HideSolutionNode = FALSE
	EndGlobalSection
	GlobalSection(ExtensibilityGlobals) = postSolution
		SolutionGuid = {9609A13D-6A27-44AF-9017-9E7CC9D96FDA}
	EndGlobalSection
EndGlobal
